Microsoft Visual Studio Solution File, Format Version 12.00
# Visual Studio Version 17
VisualStudioVersion = 17.5.2.0
MinimumVisualStudioVersion = 10.0.40219.1
Project("{FAE04EC0-301F-11D3-BF4B-00C04F79EFBC}") = "SGHSS.Api", "SGHSS.Api\SGHSS.Api.csproj", "{B6456BBA-CE26-2580-21F9-AC13B77BA80B}"
EndProject
Global
	GlobalSection(SolutionConfigurationPlatforms) = preSolution
		Debug|Any CPU = Debug|Any CPU
		Release|Any CPU = Release|Any CPU
	EndGlobalSection
	GlobalSection(ProjectConfigurationPlatforms) = postSolution
		{B6456BBA-CE26-2580-21F9-AC13B77BA80B}.Debug|Any CPU.ActiveCfg = Debug|Any CPU
		{B6456BBA-CE26-2580-21F9-AC13B77BA80B}.Debug|Any CPU.Build.0 = Debug|Any CPU
		{B6456BBA-CE26-2580-21F9-AC13B77BA80B}.Release|Any CPU.ActiveCfg = Release|Any CPU
		{B6456BBA-CE26-2580-21F9-AC13B77BA80B}.Release|Any CPU.Build.0 = Release|Any CPU
	EndGlobalSection
	GlobalSection(SolutionProperties) = preSolution
		HideSolutionNode = FALSE
	EndGlobalSection
	GlobalSection(ExtensibilityGlobals) = postSolution
		SolutionGuid = {E78ADC46-A2CD-4907-B52C-CDC0FD3C0B5B}
	EndGlobalSection
EndGlobal
